# Code generated by scarb DO NOT EDIT.
version = 1

[[package]]
name = "anubis_notary_oracle"
version = "0.1.0"
dependencies = [
 "openzeppelin_merkle_tree",
]

[[package]]
name = "openzeppelin_merkle_tree"
version = "0.20.0"
source = "registry+https://scarbs.xyz/"
checksum = "sha256:039608900e92f3dcf479bf53a49a1fd76452acd97eb86e390d1eb92cacdaf3af"
